{
    "_meta": {
        "hash": {
            "sha256": "89ecc7e73d88c647a9705055a0c2aa6112a6bfd528b4246c5a84c8189fa268d4"
        },
        "pipfile-spec": 6,
        "requires": {},
        "sources": [
            {
                "name": "pypi",
                "url": "https://piwheels.org/simple",
                "verify_ssl": true
            }
        ]
    },
    "default": {
        "evdev": {
            "hashes": [
                "sha256:8ec10b7f15b2a45403111ebeed8822d174c9c5dce1a136ca7a31f5bdd74599e1"
            ],
            "index": "pypi",
            "version": "==1.1.2"
        },
        "numpy": {
            "hashes": [
                "sha256:10d1234d68da9eb9f768e57d40f00ce62d411ae96203baab52f18db40a2feda1",
                "sha256:97647c0a50dbb5a0f3d5e533778598e6ecb26a1135f687a89b11d5cd415b1582"
            ],
            "index": "pypi",
            "version": "==1.15.4"
        },
        "picamera": {
            "hashes": [
                "sha256:142ab2073c0d455666fd2aa99bf6b4fc8b121e5027ef6482addec2fba7d7aa15"
            ],
            "index": "pypi",
            "version": "==1.13"
        },
        "pypubsub": {
            "hashes": [
                "sha256:430d60d76e56e19eaa1422579941caf9d3b392cfb8d10a17678a5c9f7ee830ba"
            ],
            "index": "pypi",
            "version": "==4.0.0"
        },
        "pyserial": {
            "hashes": [
                "sha256:e0770fadba80c31013896c7e6ef703f72e7834965954a78e71a3049488d4d7d8"
            ],
            "index": "pypi",
            "version": "==3.4"
        }
    },
    "develop": {
        "numpy": {
            "hashes": [
                "sha256:10d1234d68da9eb9f768e57d40f00ce62d411ae96203baab52f18db40a2feda1",
                "sha256:97647c0a50dbb5a0f3d5e533778598e6ecb26a1135f687a89b11d5cd415b1582"
            ],
            "index": "pypi",
            "version": "==1.15.4"
        },
        "opencv-contrib-python": {
            "hashes": [
                "sha256:0b87e9a240283bd580905e2a0acc4fc6155390fecf4a8e182103aeac4e89e118",
                "sha256:10eda7bfb285e322e035b54bcf39c7ec2bf95cc2036249227fc95b06fea1db80",
                "sha256:479e41280bf80d51234e4100d2edd4f7329f5c9c396fa0c815a3719f18d926b8",
                "sha256:6950e6b18fda6c22b9a694ff22464377f5815c91819fe0158683ec076bfca71a"
            ],
            "index": "pypi",
            "version": "==3.4.3.18"
        }
    }
}
