{
    "_meta": {
        "hash": {
            "sha256": "4db89af3764c84bde8c58eb6ccb11df244f4b2e026aaf7a0f706d440da43bc06"
        },
        "pipfile-spec": 6,
        "requires": {},
        "sources": [
            {
                "name": "pypi",
                "url": "https://piwheels.org/simple",
                "verify_ssl": true
            }
        ]
    },
    "default": {
        "evdev": {
            "hashes": [
                "sha256:8ec10b7f15b2a45403111ebeed8822d174c9c5dce1a136ca7a31f5bdd74599e1"
            ],
            "index": "pypi",
            "version": "==1.1.2"
        },
        "numpy": {
            "hashes": [
                "sha256:dfa8635e6a35539c263f67440027f6443637030218b9ef2f43152ed9a7215c95"
            ],
            "index": "pypi",
            "version": "==1.16.2"
        },
        "picamera": {
            "extras": [
                "array"
            ],
            "hashes": [
                "sha256:142ab2073c0d455666fd2aa99bf6b4fc8b121e5027ef6482addec2fba7d7aa15"
            ],
            "index": "pypi",
            "version": "==1.13"
        },
        "pypubsub": {
            "hashes": [
                "sha256:430d60d76e56e19eaa1422579941caf9d3b392cfb8d10a17678a5c9f7ee830ba"
            ],
            "index": "pypi",
            "version": "==4.0.0"
        },
        "pyserial": {
            "hashes": [
                "sha256:e0770fadba80c31013896c7e6ef703f72e7834965954a78e71a3049488d4d7d8"
            ],
            "index": "pypi",
            "version": "==3.4"
        }
    },
    "develop": {
        "numpy": {
            "hashes": [
                "sha256:dfa8635e6a35539c263f67440027f6443637030218b9ef2f43152ed9a7215c95"
            ],
            "index": "pypi",
            "version": "==1.16.2"
        },
        "opencv-contrib-python": {
            "hashes": [
                "sha256:5cd22124b32eb3f16e3299d49bb0f8409df9dd298440a8f9936b6dd4afbf20d5",
                "sha256:76b06fc11ed29bcc04c78faf02240cfcfe36c3bb09457f2affc6457030a3c25f",
                "sha256:7cd937bfc6c43a8a34d168649f3355c742e530e770490250cd427de350633a15",
                "sha256:8e5783a23aa37d97a37f59ae1b55e2d117715eb0502ab2b2e315a72e49d6aadc"
            ],
            "index": "pypi",
            "version": "==3.4.4.19"
        }
    }
}
